
Microsoft Visual Studio Solution File, Format Version 12.00
# Visual Studio Version 16
VisualStudioVersion = 16.0.31129.286
MinimumVisualStudioVersion = 10.0.40219.1
Project("{FAE04EC0-301F-11D3-BF4B-00C04F79EFBC}") = "emado-shawarma-nf", "emado-shawarma-nf\emado-shawarma-nf.csproj", "{674947A3-0D33-4A6E-AFDE-FF1784CDCA3B}"
EndProject
Global
	GlobalSection(SolutionConfigurationPlatforms) = preSolution
		Debug|Any CPU = Debug|Any CPU
		Release|Any CPU = Release|Any CPU
	EndGlobalSection
	GlobalSection(ProjectConfigurationPlatforms) = postSolution
		{674947A3-0D33-4A6E-AFDE-FF1784CDCA3B}.Debug|Any CPU.ActiveCfg = Debug|Any CPU
		{674947A3-0D33-4A6E-AFDE-FF1784CDCA3B}.Debug|Any CPU.Build.0 = Debug|Any CPU
		{674947A3-0D33-4A6E-AFDE-FF1784CDCA3B}.Release|Any CPU.ActiveCfg = Release|Any CPU
		{674947A3-0D33-4A6E-AFDE-FF1784CDCA3B}.Release|Any CPU.Build.0 = Release|Any CPU
	EndGlobalSection
	GlobalSection(SolutionProperties) = preSolution
		HideSolutionNode = FALSE
	EndGlobalSection
	GlobalSection(ExtensibilityGlobals) = postSolution
		SolutionGuid = {3DCD0939-E669-47B2-A968-7B68D596ECD9}
	EndGlobalSection
EndGlobal
